Microsoft Visual Studio Solution File, Format Version 12.00
# Visual Studio 2013
Project("{8BC9CEB8-8B4A-11D0-8D11-00A0C91BC942}") = "ALL_BUILD", "ALL_BUILD.vcxproj", "{2A210590-18AD-44C1-9D73-9AA51392863A}"
	ProjectSection(ProjectDependencies) = postProject
		{27629372-3B3F-4CE5-B078-E1C8802FB183} = {27629372-3B3F-4CE5-B078-E1C8802FB183}
		{609D3C65-542B-4DBD-8220-4CEAC3C0CF5D} = {609D3C65-542B-4DBD-8220-4CEAC3C0CF5D}
		{3DFE4D25-8A7F-40F9-8A82-07C1FF62E622} = {3DFE4D25-8A7F-40F9-8A82-07C1FF62E622}
	EndProjectSection
EndProject
Project("{8BC9CEB8-8B4A-11D0-8D11-00A0C91BC942}") = "INSTALL", "INSTALL.vcxproj", "{0DAF2CD0-702B-4E54-B6EF-56DE43A117DE}"
	ProjectSection(ProjectDependencies) = postProject
		{2A210590-18AD-44C1-9D73-9AA51392863A} = {2A210590-18AD-44C1-9D73-9AA51392863A}
	EndProjectSection
EndProject
Project("{8BC9CEB8-8B4A-11D0-8D11-00A0C91BC942}") = "PACKAGE", "PACKAGE.vcxproj", "{057A5476-5936-4740-B9A0-EAF6B61429F0}"
	ProjectSection(ProjectDependencies) = postProject
		{2A210590-18AD-44C1-9D73-9AA51392863A} = {2A210590-18AD-44C1-9D73-9AA51392863A}
	EndProjectSection
EndProject
Project("{8BC9CEB8-8B4A-11D0-8D11-00A0C91BC942}") = "ZERO_CHECK", "..\..\\ZERO_CHECK.vcxproj", "{35AB2B4B-8633-4D25-8142-DC2B2B4995DA}"
	ProjectSection(ProjectDependencies) = postProject
	EndProjectSection
EndProject
Project("{8BC9CEB8-8B4A-11D0-8D11-00A0C91BC942}") = "ZLIB", "ZLIB.vcxproj", "{27629372-3B3F-4CE5-B078-E1C8802FB183}"
	ProjectSection(ProjectDependencies) = postProject
		{35AB2B4B-8633-4D25-8142-DC2B2B4995DA} = {35AB2B4B-8633-4D25-8142-DC2B2B4995DA}
	EndProjectSection
EndProject
Project("{8BC9CEB8-8B4A-11D0-8D11-00A0C91BC942}") = "dist", "dist.vcxproj", "{9DB9F304-FAF8-4F60-9BDF-BCE9C2E5A501}"
	ProjectSection(ProjectDependencies) = postProject
		{35AB2B4B-8633-4D25-8142-DC2B2B4995DA} = {35AB2B4B-8633-4D25-8142-DC2B2B4995DA}
	EndProjectSection
EndProject
Project("{8BC9CEB8-8B4A-11D0-8D11-00A0C91BC942}") = "websockets", "websockets.vcxproj", "{609D3C65-542B-4DBD-8220-4CEAC3C0CF5D}"
	ProjectSection(ProjectDependencies) = postProject
		{35AB2B4B-8633-4D25-8142-DC2B2B4995DA} = {35AB2B4B-8633-4D25-8142-DC2B2B4995DA}
		{27629372-3B3F-4CE5-B078-E1C8802FB183} = {27629372-3B3F-4CE5-B078-E1C8802FB183}
	EndProjectSection
EndProject
Project("{8BC9CEB8-8B4A-11D0-8D11-00A0C91BC942}") = "websockets_shared", "websockets_shared.vcxproj", "{3DFE4D25-8A7F-40F9-8A82-07C1FF62E622}"
	ProjectSection(ProjectDependencies) = postProject
		{35AB2B4B-8633-4D25-8142-DC2B2B4995DA} = {35AB2B4B-8633-4D25-8142-DC2B2B4995DA}
		{27629372-3B3F-4CE5-B078-E1C8802FB183} = {27629372-3B3F-4CE5-B078-E1C8802FB183}
	EndProjectSection
EndProject
Global
	GlobalSection(SolutionConfigurationPlatforms) = preSolution
		Debug|Win32 = Debug|Win32
		Release|Win32 = Release|Win32
		MinSizeRel|Win32 = MinSizeRel|Win32
		RelWithDebInfo|Win32 = RelWithDebInfo|Win32
	EndGlobalSection
	GlobalSection(ProjectConfigurationPlatforms) = postSolution
		{2A210590-18AD-44C1-9D73-9AA51392863A}.Debug|Win32.ActiveCfg = Debug|Win32
		{2A210590-18AD-44C1-9D73-9AA51392863A}.Debug|Win32.Build.0 = Debug|Win32
		{2A210590-18AD-44C1-9D73-9AA51392863A}.Release|Win32.ActiveCfg = Release|Win32
		{2A210590-18AD-44C1-9D73-9AA51392863A}.Release|Win32.Build.0 = Release|Win32
		{2A210590-18AD-44C1-9D73-9AA51392863A}.MinSizeRel|Win32.ActiveCfg = MinSizeRel|Win32
		{2A210590-18AD-44C1-9D73-9AA51392863A}.MinSizeRel|Win32.Build.0 = MinSizeRel|Win32
		{2A210590-18AD-44C1-9D73-9AA51392863A}.RelWithDebInfo|Win32.ActiveCfg = RelWithDebInfo|Win32
		{2A210590-18AD-44C1-9D73-9AA51392863A}.RelWithDebInfo|Win32.Build.0 = RelWithDebInfo|Win32
		{0DAF2CD0-702B-4E54-B6EF-56DE43A117DE}.Debug|Win32.ActiveCfg = Debug|Win32
		{0DAF2CD0-702B-4E54-B6EF-56DE43A117DE}.Release|Win32.ActiveCfg = Release|Win32
		{0DAF2CD0-702B-4E54-B6EF-56DE43A117DE}.MinSizeRel|Win32.ActiveCfg = MinSizeRel|Win32
		{0DAF2CD0-702B-4E54-B6EF-56DE43A117DE}.RelWithDebInfo|Win32.ActiveCfg = RelWithDebInfo|Win32
		{057A5476-5936-4740-B9A0-EAF6B61429F0}.Debug|Win32.ActiveCfg = Debug|Win32
		{057A5476-5936-4740-B9A0-EAF6B61429F0}.Release|Win32.ActiveCfg = Release|Win32
		{057A5476-5936-4740-B9A0-EAF6B61429F0}.MinSizeRel|Win32.ActiveCfg = MinSizeRel|Win32
		{057A5476-5936-4740-B9A0-EAF6B61429F0}.RelWithDebInfo|Win32.ActiveCfg = RelWithDebInfo|Win32
		{35AB2B4B-8633-4D25-8142-DC2B2B4995DA}.Debug|Win32.ActiveCfg = Debug|Win32
		{35AB2B4B-8633-4D25-8142-DC2B2B4995DA}.Debug|Win32.Build.0 = Debug|Win32
		{35AB2B4B-8633-4D25-8142-DC2B2B4995DA}.Release|Win32.ActiveCfg = Release|Win32
		{35AB2B4B-8633-4D25-8142-DC2B2B4995DA}.Release|Win32.Build.0 = Release|Win32
		{35AB2B4B-8633-4D25-8142-DC2B2B4995DA}.MinSizeRel|Win32.ActiveCfg = MinSizeRel|Win32
		{35AB2B4B-8633-4D25-8142-DC2B2B4995DA}.MinSizeRel|Win32.Build.0 = MinSizeRel|Win32
		{35AB2B4B-8633-4D25-8142-DC2B2B4995DA}.RelWithDebInfo|Win32.ActiveCfg = RelWithDebInfo|Win32
		{35AB2B4B-8633-4D25-8142-DC2B2B4995DA}.RelWithDebInfo|Win32.Build.0 = RelWithDebInfo|Win32
		{27629372-3B3F-4CE5-B078-E1C8802FB183}.Debug|Win32.ActiveCfg = Debug|Win32
		{27629372-3B3F-4CE5-B078-E1C8802FB183}.Debug|Win32.Build.0 = Debug|Win32
		{27629372-3B3F-4CE5-B078-E1C8802FB183}.Release|Win32.ActiveCfg = Release|Win32
		{27629372-3B3F-4CE5-B078-E1C8802FB183}.Release|Win32.Build.0 = Release|Win32
		{27629372-3B3F-4CE5-B078-E1C8802FB183}.MinSizeRel|Win32.ActiveCfg = MinSizeRel|Win32
		{27629372-3B3F-4CE5-B078-E1C8802FB183}.MinSizeRel|Win32.Build.0 = MinSizeRel|Win32
		{27629372-3B3F-4CE5-B078-E1C8802FB183}.RelWithDebInfo|Win32.ActiveCfg = RelWithDebInfo|Win32
		{27629372-3B3F-4CE5-B078-E1C8802FB183}.RelWithDebInfo|Win32.Build.0 = RelWithDebInfo|Win32
		{9DB9F304-FAF8-4F60-9BDF-BCE9C2E5A501}.Debug|Win32.ActiveCfg = Debug|Win32
		{9DB9F304-FAF8-4F60-9BDF-BCE9C2E5A501}.Release|Win32.ActiveCfg = Release|Win32
		{9DB9F304-FAF8-4F60-9BDF-BCE9C2E5A501}.MinSizeRel|Win32.ActiveCfg = MinSizeRel|Win32
		{9DB9F304-FAF8-4F60-9BDF-BCE9C2E5A501}.RelWithDebInfo|Win32.ActiveCfg = RelWithDebInfo|Win32
		{609D3C65-542B-4DBD-8220-4CEAC3C0CF5D}.Debug|Win32.ActiveCfg = Debug|Win32
		{609D3C65-542B-4DBD-8220-4CEAC3C0CF5D}.Debug|Win32.Build.0 = Debug|Win32
		{609D3C65-542B-4DBD-8220-4CEAC3C0CF5D}.Release|Win32.ActiveCfg = Release|Win32
		{609D3C65-542B-4DBD-8220-4CEAC3C0CF5D}.Release|Win32.Build.0 = Release|Win32
		{609D3C65-542B-4DBD-8220-4CEAC3C0CF5D}.MinSizeRel|Win32.ActiveCfg = MinSizeRel|Win32
		{609D3C65-542B-4DBD-8220-4CEAC3C0CF5D}.MinSizeRel|Win32.Build.0 = MinSizeRel|Win32
		{609D3C65-542B-4DBD-8220-4CEAC3C0CF5D}.RelWithDebInfo|Win32.ActiveCfg = RelWithDebInfo|Win32
		{609D3C65-542B-4DBD-8220-4CEAC3C0CF5D}.RelWithDebInfo|Win32.Build.0 = RelWithDebInfo|Win32
		{3DFE4D25-8A7F-40F9-8A82-07C1FF62E622}.Debug|Win32.ActiveCfg = Debug|Win32
		{3DFE4D25-8A7F-40F9-8A82-07C1FF62E622}.Debug|Win32.Build.0 = Debug|Win32
		{3DFE4D25-8A7F-40F9-8A82-07C1FF62E622}.Release|Win32.ActiveCfg = Release|Win32
		{3DFE4D25-8A7F-40F9-8A82-07C1FF62E622}.Release|Win32.Build.0 = Release|Win32
		{3DFE4D25-8A7F-40F9-8A82-07C1FF62E622}.MinSizeRel|Win32.ActiveCfg = MinSizeRel|Win32
		{3DFE4D25-8A7F-40F9-8A82-07C1FF62E622}.MinSizeRel|Win32.Build.0 = MinSizeRel|Win32
		{3DFE4D25-8A7F-40F9-8A82-07C1FF62E622}.RelWithDebInfo|Win32.ActiveCfg = RelWithDebInfo|Win32
		{3DFE4D25-8A7F-40F9-8A82-07C1FF62E622}.RelWithDebInfo|Win32.Build.0 = RelWithDebInfo|Win32
	EndGlobalSection
	GlobalSection(ExtensibilityGlobals) = postSolution
	EndGlobalSection
	GlobalSection(ExtensibilityAddIns) = postSolution
	EndGlobalSection
EndGlobal
